
Microsoft Visual Studio Solution File, Format Version 12.00
# Visual Studio Version 17
VisualStudioVersion = 17.14.36414.22 d17.14
MinimumVisualStudioVersion = 10.0.40219.1
Project("{FAE04EC0-301F-11D3-BF4B-00C04F79EFBC}") = "DashDisk", "DashDisk.csproj", "{F345E161-A748-2D5F-7DDE-42FAAB7AD282}"
EndProject
Project("{FAE04EC0-301F-11D3-BF4B-00C04F79EFBC}") = "DashDisk.Desktop", "..\DashDisk.Desktop\DashDisk.Desktop.csproj", "{4BC1F317-F35A-F641-ABB1-ED10B0DD76B9}"
EndProject
Global
	GlobalSection(SolutionConfigurationPlatforms) = preSolution
		Debug|Any CPU = Debug|Any CPU
		Release|Any CPU = Release|Any CPU
	EndGlobalSection
	GlobalSection(ProjectConfigurationPlatforms) = postSolution
		{F345E161-A748-2D5F-7DDE-42FAAB7AD282}.Debug|Any CPU.ActiveCfg = Debug|Any CPU
		{F345E161-A748-2D5F-7DDE-42FAAB7AD282}.Debug|Any CPU.Build.0 = Debug|Any CPU
		{F345E161-A748-2D5F-7DDE-42FAAB7AD282}.Release|Any CPU.ActiveCfg = Release|Any CPU
		{F345E161-A748-2D5F-7DDE-42FAAB7AD282}.Release|Any CPU.Build.0 = Release|Any CPU
		{4BC1F317-F35A-F641-ABB1-ED10B0DD76B9}.Debug|Any CPU.ActiveCfg = Debug|Any CPU
		{4BC1F317-F35A-F641-ABB1-ED10B0DD76B9}.Debug|Any CPU.Build.0 = Debug|Any CPU
		{4BC1F317-F35A-F641-ABB1-ED10B0DD76B9}.Release|Any CPU.ActiveCfg = Release|Any CPU
		{4BC1F317-F35A-F641-ABB1-ED10B0DD76B9}.Release|Any CPU.Build.0 = Release|Any CPU
	EndGlobalSection
	GlobalSection(SolutionProperties) = preSolution
		HideSolutionNode = FALSE
	EndGlobalSection
	GlobalSection(ExtensibilityGlobals) = postSolution
		SolutionGuid = {01D0A6A5-70C5-4EE1-8651-564161F13498}
	EndGlobalSection
EndGlobal
